
Microsoft Visual Studio Solution File, Format Version 12.00
# Visual Studio Version 17
VisualStudioVersion = 17.4.33403.182
MinimumVisualStudioVersion = 10.0.40219.1
Project("{9A19103F-16F7-4668-BE54-9A1E7A4F7556}") = "Entities", "Entities\Entities.csproj", "{BDA2EE0B-5B33-4A22-BA2A-C331407D018A}"
EndProject
Project("{FAE04EC0-301F-11D3-BF4B-00C04F79EFBC}") = "DAL", "DAL\DAL.csproj", "{51F67D12-8573-4C98-B42D-93A4F90E4918}"
EndProject
Project("{FAE04EC0-301F-11D3-BF4B-00C04F79EFBC}") = "BackEnd", "BackEnd\BackEnd.csproj", "{E0D09F03-3AE5-48EC-A79D-A7DF3E38BA5E}"
EndProject
Project("{FAE04EC0-301F-11D3-BF4B-00C04F79EFBC}") = "FrontEnd", "FrontEnd\FrontEnd.csproj", "{44580FAA-EC33-4A08-B037-6B864FB02C1C}"
EndProject
Global
	GlobalSection(SolutionConfigurationPlatforms) = preSolution
		Debug|Any CPU = Debug|Any CPU
		Release|Any CPU = Release|Any CPU
	EndGlobalSection
	GlobalSection(ProjectConfigurationPlatforms) = postSolution
		{BDA2EE0B-5B33-4A22-BA2A-C331407D018A}.Debug|Any CPU.ActiveCfg = Debug|Any CPU
		{BDA2EE0B-5B33-4A22-BA2A-C331407D018A}.Debug|Any CPU.Build.0 = Debug|Any CPU
		{BDA2EE0B-5B33-4A22-BA2A-C331407D018A}.Release|Any CPU.ActiveCfg = Release|Any CPU
		{BDA2EE0B-5B33-4A22-BA2A-C331407D018A}.Release|Any CPU.Build.0 = Release|Any CPU
		{51F67D12-8573-4C98-B42D-93A4F90E4918}.Debug|Any CPU.ActiveCfg = Debug|Any CPU
		{51F67D12-8573-4C98-B42D-93A4F90E4918}.Debug|Any CPU.Build.0 = Debug|Any CPU
		{51F67D12-8573-4C98-B42D-93A4F90E4918}.Release|Any CPU.ActiveCfg = Release|Any CPU
		{51F67D12-8573-4C98-B42D-93A4F90E4918}.Release|Any CPU.Build.0 = Release|Any CPU
		{E0D09F03-3AE5-48EC-A79D-A7DF3E38BA5E}.Debug|Any CPU.ActiveCfg = Debug|Any CPU
		{E0D09F03-3AE5-48EC-A79D-A7DF3E38BA5E}.Debug|Any CPU.Build.0 = Debug|Any CPU
		{E0D09F03-3AE5-48EC-A79D-A7DF3E38BA5E}.Release|Any CPU.ActiveCfg = Release|Any CPU
		{E0D09F03-3AE5-48EC-A79D-A7DF3E38BA5E}.Release|Any CPU.Build.0 = Release|Any CPU
		{44580FAA-EC33-4A08-B037-6B864FB02C1C}.Debug|Any CPU.ActiveCfg = Debug|Any CPU
		{44580FAA-EC33-4A08-B037-6B864FB02C1C}.Debug|Any CPU.Build.0 = Debug|Any CPU
		{44580FAA-EC33-4A08-B037-6B864FB02C1C}.Release|Any CPU.ActiveCfg = Release|Any CPU
		{44580FAA-EC33-4A08-B037-6B864FB02C1C}.Release|Any CPU.Build.0 = Release|Any CPU
	EndGlobalSection
	GlobalSection(SolutionProperties) = preSolution
		HideSolutionNode = FALSE
	EndGlobalSection
	GlobalSection(ExtensibilityGlobals) = postSolution
		SolutionGuid = {356B8567-3CEF-4523-8EB6-C2597CE74843}
	EndGlobalSection
EndGlobal
